{
  "name": "nassipy",
  "version": "1.0.0",
  "lockfileVersion": 1,
  "requires": true,
  "dependencies": {
    "jspython-interpreter": {
      "version": "2.1.13",
      "resolved": "https://registry.npmjs.org/jspython-interpreter/-/jspython-interpreter-2.1.13.tgz",
      "integrity": "sha512-F7Dzfz/AbFQ3dvH2fbHAYdX5X4y36MlYZgJ1dD2hqlog7hlxkW7QSUjLi+phb4Rp98tCaGA1RIlmgcL3Tc/jBg=="
    }
  }
}
